// !$*UTF8*$!
{
	archiveVersion = 1;
	classes = {
	};
	objectVersion = 77;
	objects = {

/* Begin PBXContainerItemProxy section */
		F8C938C32EA40C9F00E18E93 /* PBXContainerItemProxy */ = {
			isa = PBXContainerItemProxy;
			containerPortal = F8C938AD2EA40C9E00E18E93 /* Project object */;
			proxyType = 1;
			remoteGlobalIDString = F8C938B42EA40C9E00E18E93;
			remoteInfo = AdaptiveMusicPlayer;
		};
		F8C938CD2EA40C9F00E18E93 /* PBXContainerItemProxy */ = {
			isa = PBXContainerItemProxy;
			containerPortal = F8C938AD2EA40C9E00E18E93 /* Project object */;
			proxyType = 1;
			remoteGlobalIDString = F8C938B42EA40C9E00E18E93;
			remoteInfo = AdaptiveMusicPlayer;
		};
/* End PBXContainerItemProxy section */

/* Begin PBXFileReference section */
		F8C938B52EA40C9E00E18E93 /* AdaptiveMusicPlayer.app */ = {isa = PBXFileReference; explicitFileType = wrapper.application; includeInIndex = 0; path = AdaptiveMusicPlayer.app; sourceTree = BUILT_PRODUCTS_DIR; };
		F8C938C22EA40C9F00E18E93 /* AdaptiveMusicPlayerTests.xctest */ = {isa = PBXFileReference; explicitFileType = wrapper.cfbundle; includeInIndex = 0; path = AdaptiveMusicPlayerTests.xctest; sourceTree = BUILT_PRODUCTS_DIR; };
		F8C938CC2EA40C9F00E18E93 /* AdaptiveMusicPlayerUITests.xctest */ = {isa = PBXFileReference; explicitFileType = wrapper.cfbundle; includeInIndex = 0; path = AdaptiveMusicPlayerUITests.xctest; sourceTree = BUILT_PRODUCTS_DIR; };
/* End PBXFileReference section */

/* Begin PBXFileSystemSynchronizedRootGroup section */
		F8C938B72EA40C9E00E18E93 /* AdaptiveMusicPlayer */ = {
			isa = PBXFileSystemSynchronizedRootGroup;
			path = AdaptiveMusicPlayer;
			sourceTree = "<group>";
		};
		F8C938C52EA40C9F00E18E93 /* AdaptiveMusicPlayerTests */ = {
			isa = PBXFileSystemSynchronizedRootGroup;
			path = AdaptiveMusicPlayerTests;
			sourceTree = "<group>";
		};
		F8C938CF2EA40C9F00E18E93 /* AdaptiveMusicPlayerUITests */ = {
			isa = PBXFileSystemSynchronizedRootGroup;
			path = AdaptiveMusicPlayerUITests;
			sourceTree = "<group>";
		};
/* End PBXFileSystemSynchronizedRootGroup section */

/* Begin PBXFrameworksBuildPhase section */
		F8C938B22EA40C9E00E18E93 /* Frameworks */ = {
			isa = PBXFrameworksBuildPhase;
			buildActionMask = 2147483647;
			files = (
			);
			runOnlyForDeploymentPostprocessing = 0;
		};
		F8C938BF2EA40C9F00E18E93 /* Frameworks */ = {
			isa = PBXFrameworksBuildPhase;
			buildActionMask = 2147483647;
			files = (
			);
			runOnlyForDeploymentPostprocessing = 0;
		};
		F8C938C92EA40C9F00E18E93 /* Frameworks */ = {
			isa = PBXFrameworksBuildPhase;
			buildActionMask = 2147483647;
			files = (
			);
			runOnlyForDeploymentPostprocessing = 0;
		};
/* End PBXFrameworksBuildPhase section */

/* Begin PBXGroup section */
		F8C938AC2EA40C9E00E18E93 = {
			isa = PBXGroup;
			children = (
				F8C938B72EA40C9E00E18E93 /* AdaptiveMusicPlayer */,
				F8C938C52EA40C9F00E18E93 /* AdaptiveMusicPlayerTests */,
				F8C938CF2EA40C9F00E18E93 /* AdaptiveMusicPlayerUITests */,
				F8C938B62EA40C9E00E18E93 /* Products */,
			);
			sourceTree = "<group>";
		};
		F8C938B62EA40C9E00E18E93 /* Products */ = {
			isa = PBXGroup;
			children = (
				F8C938B52EA40C9E00E18E93 /* AdaptiveMusicPlayer.app */,
				F8C938C22EA40C9F00E18E93 /* AdaptiveMusicPlayerTests.xctest */,
				F8C938CC2EA40C9F00E18E93 /* AdaptiveMusicPlayerUITests.xctest */,
			);
			name = Products;
			sourceTree = "<group>";
		};
/* End PBXGroup section */

/* Begin PBXNativeTarget section */
		F8C938B42EA40C9E00E18E93 /* AdaptiveMusicPlayer */ = {
			isa = PBXNativeTarget;
			buildConfigurationList = F8C938D62EA40C9F00E18E93 /* Build configuration list for PBXNativeTarget "AdaptiveMusicPlayer" */;
			buildPhases = (
				F8C938B12EA40C9E00E18E93 /* Sources */,
				F8C938B22EA40C9E00E18E93 /* Frameworks */,
				F8C938B32EA40C9E00E18E93 /* Resources */,
			);
			buildRules = (
			);
			dependencies = (
			);
			fileSystemSynchronizedGroups = (
				F8C938B72EA40C9E00E18E93 /* AdaptiveMusicPlayer */,
			);
			name = AdaptiveMusicPlayer;
			packageProductDependencies = (
			);
			productName = AdaptiveMusicPlayer;
			productReference = F8C938B52EA40C9E00E18E93 /* AdaptiveMusicPlayer.app */;
			productType = "com.apple.product-type.application";
		};
		F8C938C12EA40C9F00E18E93 /* AdaptiveMusicPlayerTests */ = {
			isa = PBXNativeTarget;
			buildConfigurationList = F8C938D92EA40C9F00E18E93 /* Build configuration list for PBXNativeTarget "AdaptiveMusicPlayerTests" */;
			buildPhases = (
				F8C938BE2EA40C9F00E18E93 /* Sources */,
				F8C938BF2EA40C9F00E18E93 /* Frameworks */,
				F8C938C02EA40C9F00E18E93 /* Resources */,
			);
			buildRules = (
			);
			dependencies = (
				F8C938C42EA40C9F00E18E93 /* PBXTargetDependency */,
			);
			fileSystemSynchronizedGroups = (
				F8C938C52EA40C9F00E18E93 /* AdaptiveMusicPlayerTests */,
			);
			name = AdaptiveMusicPlayerTests;
			packageProductDependencies = (
			);
			productName = AdaptiveMusicPlayerTests;
			productReference = F8C938C22EA40C9F00E18E93 /* AdaptiveMusicPlayerTests.xctest */;
			productType = "com.apple.product-type.bundle.unit-test";
		};
		F8C938CB2EA40C9F00E18E93 /* AdaptiveMusicPlayerUITests */ = {
			isa = PBXNativeTarget;
			buildConfigurationList = F8C938DC2EA40C9F00E18E93 /* Build configuration list for PBXNativeTarget "AdaptiveMusicPlayerUITests" */;
			buildPhases = (
				F8C938C82EA40C9F00E18E93 /* Sources */,
				F8C938C92EA40C9F00E18E93 /* Frameworks */,
				F8C938CA2EA40C9F00E18E93 /* Resources */,
			);
			buildRules = (
			);
			dependencies = (
				F8C938CE2EA40C9F00E18E93 /* PBXTargetDependency */,
			);
			fileSystemSynchronizedGroups = (
				F8C938CF2EA40C9F00E18E93 /* AdaptiveMusicPlayerUITests */,
			);
			name = AdaptiveMusicPlayerUITests;
			packageProductDependencies = (
			);
			productName = AdaptiveMusicPlayerUITests;
			productReference = F8C938CC2EA40C9F00E18E93 /* AdaptiveMusicPlayerUITests.xctest */;
			productType = "com.apple.product-type.bundle.ui-testing";
		};
/* End PBXNativeTarget section */

/* Begin PBXProject section */
		F8C938AD2EA40C9E00E18E93 /* Project object */ = {
			isa = PBXProject;
			attributes = {
				BuildIndependentTargetsInParallel = 1;
				LastSwiftUpdateCheck = 2600;
				LastUpgradeCheck = 2600;
				TargetAttributes = {
					F8C938B42EA40C9E00E18E93 = {
						CreatedOnToolsVersion = 26.0.1;
					};
					F8C938C12EA40C9F00E18E93 = {
						CreatedOnToolsVersion = 26.0.1;
						TestTargetID = F8C938B42EA40C9E00E18E93;
					};
					F8C938CB2EA40C9F00E18E93 = {
						CreatedOnToolsVersion = 26.0.1;
						TestTargetID = F8C938B42EA40C9E00E18E93;
					};
				};
			};
			buildConfigurationList = F8C938B02EA40C9E00E18E93 /* Build configuration list for PBXProject "AdaptiveMusicPlayer" */;
			developmentRegion = en;
			hasScannedForEncodings = 0;
			knownRegions = (
				en,
				Base,
			);
			mainGroup = F8C938AC2EA40C9E00E18E93;
			minimizedProjectReferenceProxies = 1;
			preferredProjectObjectVersion = 77;
			productRefGroup = F8C938B62EA40C9E00E18E93 /* Products */;
			projectDirPath = "";
			projectRoot = "";
			targets = (
				F8C938B42EA40C9E00E18E93 /* AdaptiveMusicPlayer */,
				F8C938C12EA40C9F00E18E93 /* AdaptiveMusicPlayerTests */,
				F8C938CB2EA40C9F00E18E93 /* AdaptiveMusicPlayerUITests */,
			);
		};
/* End PBXProject section */

/* Begin PBXResourcesBuildPhase section */
		F8C938B32EA40C9E00E18E93 /* Resources */ = {
			isa = PBXResourcesBuildPhase;
			buildActionMask = 2147483647;
			files = (
			);
			runOnlyForDeploymentPostprocessing = 0;
		};
		F8C938C02EA40C9F00E18E93 /* Resources */ = {
			isa = PBXResourcesBuildPhase;
			buildActionMask = 2147483647;
			files = (
			);
			runOnlyForDeploymentPostprocessing = 0;
		};
		F8C938CA2EA40C9F00E18E93 /* Resources */ = {
			isa = PBXResourcesBuildPhase;
			buildActionMask = 2147483647;
			files = (
			);
			runOnlyForDeploymentPostprocessing = 0;
		};
/* End PBXResourcesBuildPhase section */

/* Begin PBXSourcesBuildPhase section */
		F8C938B12EA40C9E00E18E93 /* Sources */ = {
			isa = PBXSourcesBuildPhase;
			buildActionMask = 2147483647;
			files = (
			);
			runOnlyForDeploymentPostprocessing = 0;
		};
		F8C938BE2EA40C9F00E18E93 /* Sources */ = {
			isa = PBXSourcesBuildPhase;
			buildActionMask = 2147483647;
			files = (
			);
			runOnlyForDeploymentPostprocessing = 0;
		};
		F8C938C82EA40C9F00E18E93 /* Sources */ = {
			isa = PBXSourcesBuildPhase;
			buildActionMask = 2147483647;
			files = (
			);
			runOnlyForDeploymentPostprocessing = 0;
		};
/* End PBXSourcesBuildPhase section */

/* Begin PBXTargetDependency section */
		F8C938C42EA40C9F00E18E93 /* PBXTargetDependency */ = {
			isa = PBXTargetDependency;
			target = F8C938B42EA40C9E00E18E93 /* AdaptiveMusicPlayer */;
			targetProxy = F8C938C32EA40C9F00E18E93 /* PBXContainerItemProxy */;
		};
		F8C938CE2EA40C9F00E18E93 /* PBXTargetDependency */ = {
			isa = PBXTargetDependency;
			target = F8C938B42EA40C9E00E18E93 /* AdaptiveMusicPlayer */;
			targetProxy = F8C938CD2EA40C9F00E18E93 /* PBXContainerItemProxy */;
		};
/* End PBXTargetDependency section */

/* Begin XCBuildConfiguration section */
		F8C938D42EA40C9F00E18E93 /* Debug */ = {
			isa = XCBuildConfiguration;
			buildSettings = {
				ALWAYS_SEARCH_USER_PATHS = NO;
				ASSETCATALOG_COMPILER_GENERATE_SWIFT_ASSET_SYMBOL_EXTENSIONS = YES;
				CLANG_ANALYZER_NONNULL = YES;
				CLANG_ANALYZER_NUMBER_OBJECT_CONVERSION = YES_AGGRESSIVE;
				CLANG_CXX_LANGUAGE_STANDARD = "gnu++20";
				CLANG_ENABLE_MODULES = YES;
				CLANG_ENABLE_OBJC_ARC = YES;
				CLANG_ENABLE_OBJC_WEAK = YES;
				CLANG_WARN_BLOCK_CAPTURE_AUTORELEASING = YES;
				CLANG_WARN_BOOL_CONVERSION = YES;
				CLANG_WARN_COMMA = YES;
				CLANG_WARN_CONSTANT_CONVERSION = YES;
				CLANG_WARN_DEPRECATED_OBJC_IMPLEMENTATIONS = YES;
				CLANG_WARN_DIRECT_OBJC_ISA_USAGE = YES_ERROR;
				CLANG_WARN_DOCUMENTATION_COMMENTS = YES;
				CLANG_WARN_EMPTY_BODY = YES;
				CLANG_WARN_ENUM_CONVERSION = YES;
				CLANG_WARN_INFINITE_RECURSION = YES;
				CLANG_WARN_INT_CONVERSION = YES;
				CLANG_WARN_NON_LITERAL_NULL_CONVERSION = YES;
				CLANG_WARN_OBJC_IMPLICIT_RETAIN_SELF = YES;
				CLANG_WARN_OBJC_LITERAL_CONVERSION = YES;
				CLANG_WARN_OBJC_ROOT_CLASS = YES_ERROR;
				CLANG_WARN_QUOTED_INCLUDE_IN_FRAMEWORK_HEADER = YES;
				CLANG_WARN_RANGE_LOOP_ANALYSIS = YES;
				CLANG_WARN_STRICT_PROTOTYPES = YES;
				CLANG_WARN_SUSPICIOUS_MOVE = YES;
				CLANG_WARN_UNGUARDED_AVAILABILITY = YES_AGGRESSIVE;
				CLANG_WARN_UNREACHABLE_CODE = YES;
				CLANG_WARN__DUPLICATE_METHOD_MATCH = YES;
				COPY_PHASE_STRIP = NO;
				DEBUG_INFORMATION_FORMAT = dwarf;
				DEVELOPMENT_TEAM = 9JC99WS9S3;
				ENABLE_STRICT_OBJC_MSGSEND = YES;
				ENABLE_TESTABILITY = YES;
				ENABLE_USER_SCRIPT_SANDBOXING = YES;
				GCC_C_LANGUAGE_STANDARD = gnu17;
				GCC_DYNAMIC_NO_PIC = NO;
				GCC_NO_COMMON_BLOCKS = YES;
				GCC_OPTIMIZATION_LEVEL = 0;
				GCC_PREPROCESSOR_DEFINITIONS = (
					"DEBUG=1",
					"$(inherited)",
				);
				GCC_WARN_64_TO_32_BIT_CONVERSION = YES;
				GCC_WARN_ABOUT_RETURN_TYPE = YES_ERROR;
				GCC_WARN_UNDECLARED_SELECTOR = YES;
				GCC_WARN_UNINITIALIZED_AUTOS = YES_AGGRESSIVE;
				GCC_WARN_UNUSED_FUNCTION = YES;
				GCC_WARN_UNUSED_VARIABLE = YES;
				LOCALIZATION_PREFERS_STRING_CATALOGS = YES;
				MACOSX_DEPLOYMENT_TARGET = 26.0;
				MTL_ENABLE_DEBUG_INFO = INCLUDE_SOURCE;
				MTL_FAST_MATH = YES;
				ONLY_ACTIVE_ARCH = YES;
				SDKROOT = macosx;
				SWIFT_ACTIVE_COMPILATION_CONDITIONS = "DEBUG $(inherited)";
				SWIFT_OPTIMIZATION_LEVEL = "-Onone";
			};
			name = Debug;
		};
		F8C938D52EA40C9F00E18E93 /* Release */ = {
			isa = XCBuildConfiguration;
			buildSettings = {
				ALWAYS_SEARCH_USER_PATHS = NO;
				ASSETCATALOG_COMPILER_GENERATE_SWIFT_ASSET_SYMBOL_EXTENSIONS = YES;
				CLANG_ANALYZER_NONNULL = YES;
				CLANG_ANALYZER_NUMBER_OBJECT_CONVERSION = YES_AGGRESSIVE;
				CLANG_CXX_LANGUAGE_STANDARD = "gnu++20";
				CLANG_ENABLE_MODULES = YES;
				CLANG_ENABLE_OBJC_ARC = YES;
				CLANG_ENABLE_OBJC_WEAK = YES;
				CLANG_WARN_BLOCK_CAPTURE_AUTORELEASING = YES;
				CLANG_WARN_BOOL_CONVERSION = YES;
				CLANG_WARN_COMMA = YES;
				CLANG_WARN_CONSTANT_CONVERSION = YES;
				CLANG_WARN_DEPRECATED_OBJC_IMPLEMENTATIONS = YES;
				CLANG_WARN_DIRECT_OBJC_ISA_USAGE = YES_ERROR;
				CLANG_WARN_DOCUMENTATION_COMMENTS = YES;
				CLANG_WARN_EMPTY_BODY = YES;
				CLANG_WARN_ENUM_CONVERSION = YES;
				CLANG_WARN_INFINITE_RECURSION = YES;
				CLANG_WARN_INT_CONVERSION = YES;
				CLANG_WARN_NON_LITERAL_NULL_CONVERSION = YES;
				CLANG_WARN_OBJC_IMPLICIT_RETAIN_SELF = YES;
				CLANG_WARN_OBJC_LITERAL_CONVERSION = YES;
				CLANG_WARN_OBJC_ROOT_CLASS = YES_ERROR;
				CLANG_WARN_QUOTED_INCLUDE_IN_FRAMEWORK_HEADER = YES;
				CLANG_WARN_RANGE_LOOP_ANALYSIS = YES;
				CLANG_WARN_STRICT_PROTOTYPES = YES;
				CLANG_WARN_SUSPICIOUS_MOVE = YES;
				CLANG_WARN_UNGUARDED_AVAILABILITY = YES_AGGRESSIVE;
				CLANG_WARN_UNREACHABLE_CODE = YES;
				CLANG_WARN__DUPLICATE_METHOD_MATCH = YES;
				COPY_PHASE_STRIP = NO;
				DEBUG_INFORMATION_FORMAT = "dwarf-with-dsym";
				DEVELOPMENT_TEAM = 9JC99WS9S3;
				ENABLE_NS_ASSERTIONS = NO;
				ENABLE_STRICT_OBJC_MSGSEND = YES;
				ENABLE_USER_SCRIPT_SANDBOXING = YES;
				GCC_C_LANGUAGE_STANDARD = gnu17;
				GCC_NO_COMMON_BLOCKS = YES;
				GCC_WARN_64_TO_32_BIT_CONVERSION = YES;
				GCC_WARN_ABOUT_RETURN_TYPE = YES_ERROR;
				GCC_WARN_UNDECLARED_SELECTOR = YES;
				GCC_WARN_UNINITIALIZED_AUTOS = YES_AGGRESSIVE;
				GCC_WARN_UNUSED_FUNCTION = YES;
				GCC_WARN_UNUSED_VARIABLE = YES;
				LOCALIZATION_PREFERS_STRING_CATALOGS = YES;
				MACOSX_DEPLOYMENT_TARGET = 26.0;
				MTL_ENABLE_DEBUG_INFO = NO;
				MTL_FAST_MATH = YES;
				SDKROOT = macosx;
				SWIFT_COMPILATION_MODE = wholemodule;
			};
			name = Release;
		};
		F8C938D72EA40C9F00E18E93 /* Debug */ = {
			isa = XCBuildConfiguration;
			buildSettings = {
				ASSETCATALOG_COMPILER_APPICON_NAME = AppIcon;
				ASSETCATALOG_COMPILER_GLOBAL_ACCENT_COLOR_NAME = AccentColor;
				CODE_SIGN_STYLE = Automatic;
				COMBINE_HIDPI_IMAGES = YES;
				CURRENT_PROJECT_VERSION = 1;
				DEVELOPMENT_TEAM = 9JC99WS9S3;
				ENABLE_APP_SANDBOX = YES;
				ENABLE_HARDENED_RUNTIME = YES;
				ENABLE_PREVIEWS = YES;
				ENABLE_USER_SELECTED_FILES = readonly;
				GENERATE_INFOPLIST_FILE = YES;
				INFOPLIST_KEY_NSHumanReadableCopyright = "";
				LD_RUNPATH_SEARCH_PATHS = (
					"$(inherited)",
					"@executable_path/../Frameworks",
				);
				MARKETING_VERSION = 1.0;
				PRODUCT_BUNDLE_IDENTIFIER = at.schwandter.AdaptiveMusicPlayer;
				PRODUCT_NAME = "$(TARGET_NAME)";
				REGISTER_APP_GROUPS = YES;
				STRING_CATALOG_GENERATE_SYMBOLS = YES;
				SWIFT_APPROACHABLE_CONCURRENCY = YES;
				SWIFT_DEFAULT_ACTOR_ISOLATION = MainActor;
				SWIFT_EMIT_LOC_STRINGS = YES;
				SWIFT_UPCOMING_FEATURE_MEMBER_IMPORT_VISIBILITY = YES;
				SWIFT_VERSION = 5.0;
			};
			name = Debug;
		};
		F8C938D82EA40C9F00E18E93 /* Release */ = {
			isa = XCBuildConfiguration;
			buildSettings = {
				ASSETCATALOG_COMPILER_APPICON_NAME = AppIcon;
				ASSETCATALOG_COMPILER_GLOBAL_ACCENT_COLOR_NAME = AccentColor;
				CODE_SIGN_STYLE = Automatic;
				COMBINE_HIDPI_IMAGES = YES;
				CURRENT_PROJECT_VERSION = 1;
				DEVELOPMENT_TEAM = 9JC99WS9S3;
				ENABLE_APP_SANDBOX = YES;
				ENABLE_HARDENED_RUNTIME = YES;
				ENABLE_PREVIEWS = YES;
				ENABLE_USER_SELECTED_FILES = readonly;
				GENERATE_INFOPLIST_FILE = YES;
				INFOPLIST_KEY_NSHumanReadableCopyright = "";
				LD_RUNPATH_SEARCH_PATHS = (
					"$(inherited)",
					"@executable_path/../Frameworks",
				);
				MARKETING_VERSION = 1.0;
				PRODUCT_BUNDLE_IDENTIFIER = at.schwandter.AdaptiveMusicPlayer;
				PRODUCT_NAME = "$(TARGET_NAME)";
				REGISTER_APP_GROUPS = YES;
				STRING_CATALOG_GENERATE_SYMBOLS = YES;
				SWIFT_APPROACHABLE_CONCURRENCY = YES;
				SWIFT_DEFAULT_ACTOR_ISOLATION = MainActor;
				SWIFT_EMIT_LOC_STRINGS = YES;
				SWIFT_UPCOMING_FEATURE_MEMBER_IMPORT_VISIBILITY = YES;
				SWIFT_VERSION = 5.0;
			};
			name = Release;
		};
		F8C938DA2EA40C9F00E18E93 /* Debug */ = {
			isa = XCBuildConfiguration;
			buildSettings = {
				BUNDLE_LOADER = "$(TEST_HOST)";
				CODE_SIGN_STYLE = Automatic;
				CURRENT_PROJECT_VERSION = 1;
				DEVELOPMENT_TEAM = 9JC99WS9S3;
				GENERATE_INFOPLIST_FILE = YES;
				MACOSX_DEPLOYMENT_TARGET = 26.0;
				MARKETING_VERSION = 1.0;
				PRODUCT_BUNDLE_IDENTIFIER = at.schwandter.AdaptiveMusicPlayerTests;
				PRODUCT_NAME = "$(TARGET_NAME)";
				STRING_CATALOG_GENERATE_SYMBOLS = NO;
				SWIFT_APPROACHABLE_CONCURRENCY = YES;
				SWIFT_EMIT_LOC_STRINGS = NO;
				SWIFT_UPCOMING_FEATURE_MEMBER_IMPORT_VISIBILITY = YES;
				SWIFT_VERSION = 5.0;
				TEST_HOST = "$(BUILT_PRODUCTS_DIR)/AdaptiveMusicPlayer.app/$(BUNDLE_EXECUTABLE_FOLDER_PATH)/AdaptiveMusicPlayer";
			};
			name = Debug;
		};
		F8C938DB2EA40C9F00E18E93 /* Release */ = {
			isa = XCBuildConfiguration;
			buildSettings = {
				BUNDLE_LOADER = "$(TEST_HOST)";
				CODE_SIGN_STYLE = Automatic;
				CURRENT_PROJECT_VERSION = 1;
				DEVELOPMENT_TEAM = 9JC99WS9S3;
				GENERATE_INFOPLIST_FILE = YES;
				MACOSX_DEPLOYMENT_TARGET = 26.0;
				MARKETING_VERSION = 1.0;
				PRODUCT_BUNDLE_IDENTIFIER = at.schwandter.AdaptiveMusicPlayerTests;
				PRODUCT_NAME = "$(TARGET_NAME)";
				STRING_CATALOG_GENERATE_SYMBOLS = NO;
				SWIFT_APPROACHABLE_CONCURRENCY = YES;
				SWIFT_EMIT_LOC_STRINGS = NO;
				SWIFT_UPCOMING_FEATURE_MEMBER_IMPORT_VISIBILITY = YES;
				SWIFT_VERSION = 5.0;
				TEST_HOST = "$(BUILT_PRODUCTS_DIR)/AdaptiveMusicPlayer.app/$(BUNDLE_EXECUTABLE_FOLDER_PATH)/AdaptiveMusicPlayer";
			};
			name = Release;
		};
		F8C938DD2EA40C9F00E18E93 /* Debug */ = {
			isa = XCBuildConfiguration;
			buildSettings = {
				CODE_SIGN_STYLE = Automatic;
				CURRENT_PROJECT_VERSION = 1;
				DEVELOPMENT_TEAM = 9JC99WS9S3;
				GENERATE_INFOPLIST_FILE = YES;
				MARKETING_VERSION = 1.0;
				PRODUCT_BUNDLE_IDENTIFIER = at.schwandter.AdaptiveMusicPlayerUITests;
				PRODUCT_NAME = "$(TARGET_NAME)";
				STRING_CATALOG_GENERATE_SYMBOLS = NO;
				SWIFT_APPROACHABLE_CONCURRENCY = YES;
				SWIFT_EMIT_LOC_STRINGS = NO;
				SWIFT_UPCOMING_FEATURE_MEMBER_IMPORT_VISIBILITY = YES;
				SWIFT_VERSION = 5.0;
				TEST_TARGET_NAME = AdaptiveMusicPlayer;
			};
			name = Debug;
		};
		F8C938DE2EA40C9F00E18E93 /* Release */ = {
			isa = XCBuildConfiguration;
			buildSettings = {
				CODE_SIGN_STYLE = Automatic;
				CURRENT_PROJECT_VERSION = 1;
				DEVELOPMENT_TEAM = 9JC99WS9S3;
				GENERATE_INFOPLIST_FILE = YES;
				MARKETING_VERSION = 1.0;
				PRODUCT_BUNDLE_IDENTIFIER = at.schwandter.AdaptiveMusicPlayerUITests;
				PRODUCT_NAME = "$(TARGET_NAME)";
				STRING_CATALOG_GENERATE_SYMBOLS = NO;
				SWIFT_APPROACHABLE_CONCURRENCY = YES;
				SWIFT_EMIT_LOC_STRINGS = NO;
				SWIFT_UPCOMING_FEATURE_MEMBER_IMPORT_VISIBILITY = YES;
				SWIFT_VERSION = 5.0;
				TEST_TARGET_NAME = AdaptiveMusicPlayer;
			};
			name = Release;
		};
/* End XCBuildConfiguration section */

/* Begin XCConfigurationList section */
		F8C938B02EA40C9E00E18E93 /* Build configuration list for PBXProject "AdaptiveMusicPlayer" */ = {
			isa = XCConfigurationList;
			buildConfigurations = (
				F8C938D42EA40C9F00E18E93 /* Debug */,
				F8C938D52EA40C9F00E18E93 /* Release */,
			);
			defaultConfigurationIsVisible = 0;
			defaultConfigurationName = Release;
		};
		F8C938D62EA40C9F00E18E93 /* Build configuration list for PBXNativeTarget "AdaptiveMusicPlayer" */ = {
			isa = XCConfigurationList;
			buildConfigurations = (
				F8C938D72EA40C9F00E18E93 /* Debug */,
				F8C938D82EA40C9F00E18E93 /* Release */,
			);
			defaultConfigurationIsVisible = 0;
			defaultConfigurationName = Release;
		};
		F8C938D92EA40C9F00E18E93 /* Build configuration list for PBXNativeTarget "AdaptiveMusicPlayerTests" */ = {
			isa = XCConfigurationList;
			buildConfigurations = (
				F8C938DA2EA40C9F00E18E93 /* Debug */,
				F8C938DB2EA40C9F00E18E93 /* Release */,
			);
			defaultConfigurationIsVisible = 0;
			defaultConfigurationName = Release;
		};
		F8C938DC2EA40C9F00E18E93 /* Build configuration list for PBXNativeTarget "AdaptiveMusicPlayerUITests" */ = {
			isa = XCConfigurationList;
			buildConfigurations = (
				F8C938DD2EA40C9F00E18E93 /* Debug */,
				F8C938DE2EA40C9F00E18E93 /* Release */,
			);
			defaultConfigurationIsVisible = 0;
			defaultConfigurationName = Release;
		};
/* End XCConfigurationList section */
	};
	rootObject = F8C938AD2EA40C9E00E18E93 /* Project object */;
}
